{
  "name": "jevgraph",
  "version": "0.1.1",
  "lockfileVersion": 3,
  "requires": true,
  "packages": {
    "": {
      "name": "jevgraph",
      "version": "0.1.1",
      "license": "UNLICENSED",
      "publishConfig": {
        "access": "public",
        "provenance": true
      },
      "bin": {
        "jevgraph": "bin/jevgraph.js"
      },
      "engines": {
        "node": ">=20"
      }
    }
  }
}
