{
  "name": "jev-graph-search",
  "version": "0.2.2",
  "lockfileVersion": 3,
  "requires": true,
  "packages": {
    "": {
      "name": "jev-graph-search",
      "version": "0.2.2",
      "license": "MIT",
      "publishConfig": {
        "access": "public",
        "provenance": true
      },
      "bin": {
        "jev-graph-search": "bin/jev-graph-search.js"
      },
      "engines": {
        "node": ">=20"
      }
    }
  }
}
